
Microsoft Visual Studio Solution File, Format Version 12.00
# Visual Studio 15
VisualStudioVersion = 15.0.28010.2046
MinimumVisualStudioVersion = 10.0.40219.1
Project("{FAE04EC0-301F-11D3-BF4B-00C04F79EFBC}") = "SCPRandomizer", "SCPRandomizer\SCPRandomizer.csproj", "{4C2AAAC1-29A6-410B-92A7-D64C66FA381E}"
EndProject
Global
	GlobalSection(SolutionConfigurationPlatforms) = preSolution
		Debug|Any CPU = Debug|Any CPU
		Release|Any CPU = Release|Any CPU
	EndGlobalSection
	GlobalSection(ProjectConfigurationPlatforms) = postSolution
		{4C2AAAC1-29A6-410B-92A7-D64C66FA381E}.Debug|Any CPU.ActiveCfg = Debug|Any CPU
		{4C2AAAC1-29A6-410B-92A7-D64C66FA381E}.Debug|Any CPU.Build.0 = Debug|Any CPU
		{4C2AAAC1-29A6-410B-92A7-D64C66FA381E}.Release|Any CPU.ActiveCfg = Release|Any CPU
		{4C2AAAC1-29A6-410B-92A7-D64C66FA381E}.Release|Any CPU.Build.0 = Release|Any CPU
	EndGlobalSection
	GlobalSection(SolutionProperties) = preSolution
		HideSolutionNode = FALSE
	EndGlobalSection
	GlobalSection(ExtensibilityGlobals) = postSolution
		SolutionGuid = {7F976337-2FF9-49EE-AAD7-67F3C88E3A0A}
	EndGlobalSection
EndGlobal
